// !$*UTF8*$!
{
	archiveVersion = 1;
	classes = {
	};
	objectVersion = 48;
	objects = {

/* Begin PBXBuildFile section */
		1B2EDAA421C2A43800680B2F /* UnityNativeModule.m in Sources */ = {isa = PBXBuildFile; fileRef = 1B2EDAA321C2A43800680B2F /* UnityNativeModule.m */; };
		1B593B7D2052A50D00CBB34F /* RNUnityViewManager.m in Sources */ = {isa = PBXBuildFile; fileRef = 1B593B772052A50C00CBB34F /* RNUnityViewManager.m */; };
		1B593B7E2052A50D00CBB34F /* UnityUtils.mm in Sources */ = {isa = PBXBuildFile; fileRef = 1B593B792052A50C00CBB34F /* UnityUtils.mm */; };
		1B593B7F2052A50D00CBB34F /* RNUnityView.m in Sources */ = {isa = PBXBuildFile; fileRef = 1B593B7A2052A50C00CBB34F /* RNUnityView.m */; };
/* End PBXBuildFile section */

/* Begin PBXCopyFilesBuildPhase section */
		1B593B5D2052A47600CBB34F /* CopyFiles */ = {
			isa = PBXCopyFilesBuildPhase;
			buildActionMask = 2147483647;
			dstPath = "include/$(PRODUCT_NAME)";
			dstSubfolderSpec = 16;
			files = (
			);
			runOnlyForDeploymentPostprocessing = 0;
		};
/* End PBXCopyFilesBuildPhase section */

/* Begin PBXFileReference section */
		1B2EDAA321C2A43800680B2F /* UnityNativeModule.m */ = {isa = PBXFileReference; lastKnownFileType = sourcecode.c.objc; path = UnityNativeModule.m; sourceTree = "<group>"; };
		1B2EDAA521C2A48E00680B2F /* UnityNativeModule.h */ = {isa = PBXFileReference; lastKnownFileType = sourcecode.c.h; path = UnityNativeModule.h; sourceTree = "<group>"; };
		1B593B5F2052A47600CBB34F /* libRNUnityView.a */ = {isa = PBXFileReference; explicitFileType = archive.ar; includeInIndex = 0; path = libRNUnityView.a; sourceTree = BUILT_PRODUCTS_DIR; };
		1B593B772052A50C00CBB34F /* RNUnityViewManager.m */ = {isa = PBXFileReference; fileEncoding = 4; lastKnownFileType = sourcecode.c.objc; path = RNUnityViewManager.m; sourceTree = "<group>"; };
		1B593B782052A50C00CBB34F /* RNUnityView.h */ = {isa = PBXFileReference; fileEncoding = 4; lastKnownFileType = sourcecode.c.h; path = RNUnityView.h; sourceTree = "<group>"; };
		1B593B792052A50C00CBB34F /* UnityUtils.mm */ = {isa = PBXFileReference; fileEncoding = 4; lastKnownFileType = sourcecode.cpp.objcpp; path = UnityUtils.mm; sourceTree = "<group>"; };
		1B593B7A2052A50C00CBB34F /* RNUnityView.m */ = {isa = PBXFileReference; fileEncoding = 4; lastKnownFileType = sourcecode.c.objc; path = RNUnityView.m; sourceTree = "<group>"; };
		1B593B7B2052A50D00CBB34F /* RNUnityViewManager.h */ = {isa = PBXFileReference; fileEncoding = 4; lastKnownFileType = sourcecode.c.h; path = RNUnityViewManager.h; sourceTree = "<group>"; };
		1B593B7C2052A50D00CBB34F /* UnityUtils.h */ = {isa = PBXFileReference; fileEncoding = 4; lastKnownFileType = sourcecode.c.h; path = UnityUtils.h; sourceTree = "<group>"; };
/* End PBXFileReference section */

/* Begin PBXFrameworksBuildPhase section */
		1B593B5C2052A47600CBB34F /* Frameworks */ = {
			isa = PBXFrameworksBuildPhase;
			buildActionMask = 2147483647;
			files = (
			);
			runOnlyForDeploymentPostprocessing = 0;
		};
/* End PBXFrameworksBuildPhase section */

/* Begin PBXGroup section */
		1B593B562052A47600CBB34F = {
			isa = PBXGroup;
			children = (
				1B2EDAA521C2A48E00680B2F /* UnityNativeModule.h */,
				1B2EDAA321C2A43800680B2F /* UnityNativeModule.m */,
				1B593B782052A50C00CBB34F /* RNUnityView.h */,
				1B593B7A2052A50C00CBB34F /* RNUnityView.m */,
				1B593B7B2052A50D00CBB34F /* RNUnityViewManager.h */,
				1B593B772052A50C00CBB34F /* RNUnityViewManager.m */,
				1B593B7C2052A50D00CBB34F /* UnityUtils.h */,
				1B593B792052A50C00CBB34F /* UnityUtils.mm */,
				1B593B602052A47600CBB34F /* Products */,
			);
			sourceTree = "<group>";
		};
		1B593B602052A47600CBB34F /* Products */ = {
			isa = PBXGroup;
			children = (
				1B593B5F2052A47600CBB34F /* libRNUnityView.a */,
			);
			name = Products;
			sourceTree = "<group>";
		};
/* End PBXGroup section */

/* Begin PBXNativeTarget section */
		1B593B5E2052A47600CBB34F /* RNUnityView */ = {
			isa = PBXNativeTarget;
			buildConfigurationList = 1B593B682052A47600CBB34F /* Build configuration list for PBXNativeTarget "RNUnityView" */;
			buildPhases = (
				1B593B5B2052A47600CBB34F /* Sources */,
				1B593B5C2052A47600CBB34F /* Frameworks */,
				1B593B5D2052A47600CBB34F /* CopyFiles */,
			);
			buildRules = (
			);
			dependencies = (
			);
			name = RNUnityView;
			productName = RNUnityView;
			productReference = 1B593B5F2052A47600CBB34F /* libRNUnityView.a */;
			productType = "com.apple.product-type.library.static";
		};
/* End PBXNativeTarget section */

/* Begin PBXProject section */
		1B593B572052A47600CBB34F /* Project object */ = {
			isa = PBXProject;
			attributes = {
				LastUpgradeCheck = 0920;
				ORGANIZATIONNAME = xzper;
				TargetAttributes = {
					1B593B5E2052A47600CBB34F = {
						CreatedOnToolsVersion = 9.2;
						ProvisioningStyle = Automatic;
					};
				};
			};
			buildConfigurationList = 1B593B5A2052A47600CBB34F /* Build configuration list for PBXProject "RNUnityView" */;
			compatibilityVersion = "Xcode 8.0";
			developmentRegion = en;
			hasScannedForEncodings = 0;
			knownRegions = (
				en,
			);
			mainGroup = 1B593B562052A47600CBB34F;
			productRefGroup = 1B593B602052A47600CBB34F /* Products */;
			projectDirPath = "";
			projectRoot = "";
			targets = (
				1B593B5E2052A47600CBB34F /* RNUnityView */,
			);
		};
/* End PBXProject section */

/* Begin PBXSourcesBuildPhase section */
		1B593B5B2052A47600CBB34F /* Sources */ = {
			isa = PBXSourcesBuildPhase;
			buildActionMask = 2147483647;
			files = (
				1B593B7D2052A50D00CBB34F /* RNUnityViewManager.m in Sources */,
				1B593B7F2052A50D00CBB34F /* RNUnityView.m in Sources */,
				1B593B7E2052A50D00CBB34F /* UnityUtils.mm in Sources */,
				1B2EDAA421C2A43800680B2F /* UnityNativeModule.m in Sources */,
			);
			runOnlyForDeploymentPostprocessing = 0;
		};
/* End PBXSourcesBuildPhase section */

/* Begin XCBuildConfiguration section */
		1B593B662052A47600CBB34F /* Debug */ = {
			isa = XCBuildConfiguration;
			buildSettings = {
				ALWAYS_SEARCH_USER_PATHS = NO;
				CLANG_ANALYZER_NONNULL = YES;
				CLANG_ANALYZER_NUMBER_OBJECT_CONVERSION = YES_AGGRESSIVE;
				CLANG_CXX_LANGUAGE_STANDARD = "gnu++14";
				CLANG_CXX_LIBRARY = "libc++";
				CLANG_ENABLE_MODULES = YES;
				CLANG_ENABLE_OBJC_ARC = YES;
				CLANG_WARN_BLOCK_CAPTURE_AUTORELEASING = YES;
				CLANG_WARN_BOOL_CONVERSION = YES;
				CLANG_WARN_COMMA = YES;
				CLANG_WARN_CONSTANT_CONVERSION = YES;
				CLANG_WARN_DIRECT_OBJC_ISA_USAGE = YES_ERROR;
				CLANG_WARN_DOCUMENTATION_COMMENTS = YES;
				CLANG_WARN_EMPTY_BODY = YES;
				CLANG_WARN_ENUM_CONVERSION = YES;
				CLANG_WARN_INFINITE_RECURSION = YES;
				CLANG_WARN_INT_CONVERSION = YES;
				CLANG_WARN_NON_LITERAL_NULL_CONVERSION = YES;
				CLANG_WARN_OBJC_LITERAL_CONVERSION = YES;
				CLANG_WARN_OBJC_ROOT_CLASS = YES_ERROR;
				CLANG_WARN_RANGE_LOOP_ANALYSIS = YES;
				CLANG_WARN_STRICT_PROTOTYPES = YES;
				CLANG_WARN_SUSPICIOUS_MOVE = YES;
				CLANG_WARN_UNGUARDED_AVAILABILITY = YES_AGGRESSIVE;
				CLANG_WARN_UNREACHABLE_CODE = YES;
				CLANG_WARN__DUPLICATE_METHOD_MATCH = YES;
				CODE_SIGN_IDENTITY = "iPhone Developer";
				COPY_PHASE_STRIP = NO;
				DEBUG_INFORMATION_FORMAT = dwarf;
				ENABLE_STRICT_OBJC_MSGSEND = YES;
				ENABLE_TESTABILITY = YES;
				GCC_C_LANGUAGE_STANDARD = gnu11;
				GCC_DYNAMIC_NO_PIC = NO;
				GCC_NO_COMMON_BLOCKS = YES;
				GCC_OPTIMIZATION_LEVEL = 0;
				GCC_PREPROCESSOR_DEFINITIONS = (
					"DEBUG=1",
					"$(inherited)",
				);
				GCC_WARN_64_TO_32_BIT_CONVERSION = YES;
				GCC_WARN_ABOUT_RETURN_TYPE = YES_ERROR;
				GCC_WARN_UNDECLARED_SELECTOR = YES;
				GCC_WARN_UNINITIALIZED_AUTOS = YES_AGGRESSIVE;
				GCC_WARN_UNUSED_FUNCTION = YES;
				GCC_WARN_UNUSED_VARIABLE = YES;
				IPHONEOS_DEPLOYMENT_TARGET = 8.0;
				MTL_ENABLE_DEBUG_INFO = YES;
				ONLY_ACTIVE_ARCH = YES;
				SDKROOT = iphoneos;
			};
			name = Debug;
		};
		1B593B672052A47600CBB34F /* Release */ = {
			isa = XCBuildConfiguration;
			buildSettings = {
				ALWAYS_SEARCH_USER_PATHS = NO;
				CLANG_ANALYZER_NONNULL = YES;
				CLANG_ANALYZER_NUMBER_OBJECT_CONVERSION = YES_AGGRESSIVE;
				CLANG_CXX_LANGUAGE_STANDARD = "gnu++14";
				CLANG_CXX_LIBRARY = "libc++";
				CLANG_ENABLE_MODULES = YES;
				CLANG_ENABLE_OBJC_ARC = YES;
				CLANG_WARN_BLOCK_CAPTURE_AUTORELEASING = YES;
				CLANG_WARN_BOOL_CONVERSION = YES;
				CLANG_WARN_COMMA = YES;
				CLANG_WARN_CONSTANT_CONVERSION = YES;
				CLANG_WARN_DIRECT_OBJC_ISA_USAGE = YES_ERROR;
				CLANG_WARN_DOCUMENTATION_COMMENTS = YES;
				CLANG_WARN_EMPTY_BODY = YES;
				CLANG_WARN_ENUM_CONVERSION = YES;
				CLANG_WARN_INFINITE_RECURSION = YES;
				CLANG_WARN_INT_CONVERSION = YES;
				CLANG_WARN_NON_LITERAL_NULL_CONVERSION = YES;
				CLANG_WARN_OBJC_LITERAL_CONVERSION = YES;
				CLANG_WARN_OBJC_ROOT_CLASS = YES_ERROR;
				CLANG_WARN_RANGE_LOOP_ANALYSIS = YES;
				CLANG_WARN_STRICT_PROTOTYPES = YES;
				CLANG_WARN_SUSPICIOUS_MOVE = YES;
				CLANG_WARN_UNGUARDED_AVAILABILITY = YES_AGGRESSIVE;
				CLANG_WARN_UNREACHABLE_CODE = YES;
				CLANG_WARN__DUPLICATE_METHOD_MATCH = YES;
				CODE_SIGN_IDENTITY = "iPhone Developer";
				COPY_PHASE_STRIP = NO;
				DEBUG_INFORMATION_FORMAT = "dwarf-with-dsym";
				ENABLE_NS_ASSERTIONS = NO;
				ENABLE_STRICT_OBJC_MSGSEND = YES;
				GCC_C_LANGUAGE_STANDARD = gnu11;
				GCC_NO_COMMON_BLOCKS = YES;
				GCC_WARN_64_TO_32_BIT_CONVERSION = YES;
				GCC_WARN_ABOUT_RETURN_TYPE = YES_ERROR;
				GCC_WARN_UNDECLARED_SELECTOR = YES;
				GCC_WARN_UNINITIALIZED_AUTOS = YES_AGGRESSIVE;
				GCC_WARN_UNUSED_FUNCTION = YES;
				GCC_WARN_UNUSED_VARIABLE = YES;
				IPHONEOS_DEPLOYMENT_TARGET = 8.0;
				MTL_ENABLE_DEBUG_INFO = NO;
				SDKROOT = iphoneos;
				VALIDATE_PRODUCT = YES;
			};
			name = Release;
		};
		1B593B692052A47600CBB34F /* Debug */ = {
			isa = XCBuildConfiguration;
			buildSettings = {
				CODE_SIGN_STYLE = Automatic;
				HEADER_SEARCH_PATHS = (
					"$(SRCROOT)/../../react-native/React/**",
					"$(SRCROOT)/../../../ios/UnityExport/Classes",
					"$(SRCROOT)/../../../ios/UnityExport/Classes/Unity",
					"$(SRCROOT)/../../../ios/UnityExport/Libraries",
				);
				OTHER_LDFLAGS = "-ObjC";
				PRODUCT_NAME = "$(TARGET_NAME)";
				SKIP_INSTALL = YES;
				TARGETED_DEVICE_FAMILY = "1,2";
			};
			name = Debug;
		};
		1B593B6A2052A47600CBB34F /* Release */ = {
			isa = XCBuildConfiguration;
			buildSettings = {
				CODE_SIGN_STYLE = Automatic;
				HEADER_SEARCH_PATHS = (
					"$(SRCROOT)/../../react-native/React/**",
					"$(SRCROOT)/../../../ios/UnityExport/Classes",
					"$(SRCROOT)/../../../ios/UnityExport/Classes/Unity",
					"$(SRCROOT)/../../../ios/UnityExport/Libraries",
				);
				OTHER_LDFLAGS = "-ObjC";
				PRODUCT_NAME = "$(TARGET_NAME)";
				SKIP_INSTALL = YES;
				TARGETED_DEVICE_FAMILY = "1,2";
			};
			name = Release;
		};
/* End XCBuildConfiguration section */

/* Begin XCConfigurationList section */
		1B593B5A2052A47600CBB34F /* Build configuration list for PBXProject "RNUnityView" */ = {
			isa = XCConfigurationList;
			buildConfigurations = (
				1B593B662052A47600CBB34F /* Debug */,
				1B593B672052A47600CBB34F /* Release */,
			);
			defaultConfigurationIsVisible = 0;
			defaultConfigurationName = Release;
		};
		1B593B682052A47600CBB34F /* Build configuration list for PBXNativeTarget "RNUnityView" */ = {
			isa = XCConfigurationList;
			buildConfigurations = (
				1B593B692052A47600CBB34F /* Debug */,
				1B593B6A2052A47600CBB34F /* Release */,
			);
			defaultConfigurationIsVisible = 0;
			defaultConfigurationName = Release;
		};
/* End XCConfigurationList section */
	};
	rootObject = 1B593B572052A47600CBB34F /* Project object */;
}
